
Microsoft Visual Studio Solution File, Format Version 12.00
# Visual Studio 15
VisualStudioVersion = 15.0.27703.2026
MinimumVisualStudioVersion = 10.0.40219.1
Project("{FAE04EC0-301F-11D3-BF4B-00C04F79EFBC}") = "TemporaryDemo", "TemporaryDemo\TemporaryDemo.csproj", "{4256CFD6-5551-47DE-9CDC-55C93F5278EB}"
EndProject
Global
	GlobalSection(SolutionConfigurationPlatforms) = preSolution
		Debug|Any CPU = Debug|Any CPU
		Release|Any CPU = Release|Any CPU
	EndGlobalSection
	GlobalSection(ProjectConfigurationPlatforms) = postSolution
		{4256CFD6-5551-47DE-9CDC-55C93F5278EB}.Debug|Any CPU.ActiveCfg = Debug|Any CPU
		{4256CFD6-5551-47DE-9CDC-55C93F5278EB}.Debug|Any CPU.Build.0 = Debug|Any CPU
		{4256CFD6-5551-47DE-9CDC-55C93F5278EB}.Release|Any CPU.ActiveCfg = Release|Any CPU
		{4256CFD6-5551-47DE-9CDC-55C93F5278EB}.Release|Any CPU.Build.0 = Release|Any CPU
	EndGlobalSection
	GlobalSection(SolutionProperties) = preSolution
		HideSolutionNode = FALSE
	EndGlobalSection
	GlobalSection(ExtensibilityGlobals) = postSolution
		SolutionGuid = {64A593B2-49A3-4623-92D4-AC4526EAB2BF}
	EndGlobalSection
EndGlobal
